
Microsoft Visual Studio Solution File, Format Version 12.00
# Visual Studio Version 17
VisualStudioVersion = 17.5.33530.505
MinimumVisualStudioVersion = 10.0.40219.1
Project("{FAE04EC0-301F-11D3-BF4B-00C04F79EFBC}") = "Calculadora", "Calculadora\Calculadora.csproj", "{F1697CA3-96EF-4050-8D70-6D9214C5AC76}"
EndProject
Global
	GlobalSection(SolutionConfigurationPlatforms) = preSolution
		Debug|Any CPU = Debug|Any CPU
		Release|Any CPU = Release|Any CPU
	EndGlobalSection
	GlobalSection(ProjectConfigurationPlatforms) = postSolution
		{F1697CA3-96EF-4050-8D70-6D9214C5AC76}.Debug|Any CPU.ActiveCfg = Debug|Any CPU
		{F1697CA3-96EF-4050-8D70-6D9214C5AC76}.Debug|Any CPU.Build.0 = Debug|Any CPU
		{F1697CA3-96EF-4050-8D70-6D9214C5AC76}.Release|Any CPU.ActiveCfg = Release|Any CPU
		{F1697CA3-96EF-4050-8D70-6D9214C5AC76}.Release|Any CPU.Build.0 = Release|Any CPU
	EndGlobalSection
	GlobalSection(SolutionProperties) = preSolution
		HideSolutionNode = FALSE
	EndGlobalSection
	GlobalSection(ExtensibilityGlobals) = postSolution
		SolutionGuid = {F1C60AD5-C2EA-4BA8-BFC6-63A75DF8DFE5}
	EndGlobalSection
EndGlobal
